
Microsoft Visual Studio Solution File, Format Version 12.00
# Visual Studio 2013
VisualStudioVersion = 12.0.40629.0
MinimumVisualStudioVersion = 10.0.40219.1
Project("{FAE04EC0-301F-11D3-BF4B-00C04F79EFBC}") = "MvcMusicStore", "MvcMusicStore\MvcMusicStore.csproj", "{A7ACBA9C-3E15-4800-A2C3-3F3729A4E052}"
EndProject
Project("{FAE04EC0-301F-11D3-BF4B-00C04F79EFBC}") = "MvcMusicStore.Tests", "MvcMusicStore.Tests\MvcMusicStore.Tests.csproj", "{15EF5A96-FA6B-4A0A-9F5B-14B2F3BD79A0}"
EndProject
Global
	GlobalSection(SolutionConfigurationPlatforms) = preSolution
		Debug|Any CPU = Debug|Any CPU
		Release|Any CPU = Release|Any CPU
	EndGlobalSection
	GlobalSection(ProjectConfigurationPlatforms) = postSolution
		{A7ACBA9C-3E15-4800-A2C3-3F3729A4E052}.Debug|Any CPU.ActiveCfg = Debug|Any CPU
		{A7ACBA9C-3E15-4800-A2C3-3F3729A4E052}.Debug|Any CPU.Build.0 = Debug|Any CPU
		{A7ACBA9C-3E15-4800-A2C3-3F3729A4E052}.Release|Any CPU.ActiveCfg = Release|Any CPU
		{A7ACBA9C-3E15-4800-A2C3-3F3729A4E052}.Release|Any CPU.Build.0 = Release|Any CPU
		{15EF5A96-FA6B-4A0A-9F5B-14B2F3BD79A0}.Debug|Any CPU.ActiveCfg = Debug|Any CPU
		{15EF5A96-FA6B-4A0A-9F5B-14B2F3BD79A0}.Debug|Any CPU.Build.0 = Debug|Any CPU
		{15EF5A96-FA6B-4A0A-9F5B-14B2F3BD79A0}.Release|Any CPU.ActiveCfg = Release|Any CPU
		{15EF5A96-FA6B-4A0A-9F5B-14B2F3BD79A0}.Release|Any CPU.Build.0 = Release|Any CPU
	EndGlobalSection
	GlobalSection(SolutionProperties) = preSolution
		HideSolutionNode = FALSE
	EndGlobalSection
EndGlobal
